
Microsoft Visual Studio Solution File, Format Version 12.00
# Visual Studio Version 17
VisualStudioVersion = 17.3.32929.385
MinimumVisualStudioVersion = 10.0.40219.1
Project("{9A19103F-16F7-4668-BE54-9A1E7A4F7556}") = "SalonBook.Server", "SalonBook\Server\SalonBook.Server.csproj", "{77DB9E80-0763-4446-B1D7-B358F9DAE39C}"
EndProject
Project("{9A19103F-16F7-4668-BE54-9A1E7A4F7556}") = "SalonBook.Client", "SalonBook\Client\SalonBook.Client.csproj", "{BB4A1978-A810-43E6-97F0-98E36003F3F2}"
EndProject
Project("{9A19103F-16F7-4668-BE54-9A1E7A4F7556}") = "SalonBook.Shared", "SalonBook\Shared\SalonBook.Shared.csproj", "{A69FD04F-057D-49C0-B776-67E63FAB9A8B}"
EndProject
Global
	GlobalSection(SolutionConfigurationPlatforms) = preSolution
		Debug|Any CPU = Debug|Any CPU
		Release|Any CPU = Release|Any CPU
	EndGlobalSection
	GlobalSection(ProjectConfigurationPlatforms) = postSolution
		{77DB9E80-0763-4446-B1D7-B358F9DAE39C}.Debug|Any CPU.ActiveCfg = Debug|Any CPU
		{77DB9E80-0763-4446-B1D7-B358F9DAE39C}.Debug|Any CPU.Build.0 = Debug|Any CPU
		{77DB9E80-0763-4446-B1D7-B358F9DAE39C}.Release|Any CPU.ActiveCfg = Release|Any CPU
		{77DB9E80-0763-4446-B1D7-B358F9DAE39C}.Release|Any CPU.Build.0 = Release|Any CPU
		{BB4A1978-A810-43E6-97F0-98E36003F3F2}.Debug|Any CPU.ActiveCfg = Debug|Any CPU
		{BB4A1978-A810-43E6-97F0-98E36003F3F2}.Debug|Any CPU.Build.0 = Debug|Any CPU
		{BB4A1978-A810-43E6-97F0-98E36003F3F2}.Release|Any CPU.ActiveCfg = Release|Any CPU
		{BB4A1978-A810-43E6-97F0-98E36003F3F2}.Release|Any CPU.Build.0 = Release|Any CPU
		{A69FD04F-057D-49C0-B776-67E63FAB9A8B}.Debug|Any CPU.ActiveCfg = Debug|Any CPU
		{A69FD04F-057D-49C0-B776-67E63FAB9A8B}.Debug|Any CPU.Build.0 = Debug|Any CPU
		{A69FD04F-057D-49C0-B776-67E63FAB9A8B}.Release|Any CPU.ActiveCfg = Release|Any CPU
		{A69FD04F-057D-49C0-B776-67E63FAB9A8B}.Release|Any CPU.Build.0 = Release|Any CPU
	EndGlobalSection
	GlobalSection(SolutionProperties) = preSolution
		HideSolutionNode = FALSE
	EndGlobalSection
	GlobalSection(ExtensibilityGlobals) = postSolution
		SolutionGuid = {5AE8CD4E-BC39-4432-AB2F-717C38382214}
	EndGlobalSection
EndGlobal
